<?xml version="1.0" encoding="UTF-8" standalone="yes" ?>
<CodeBlocks_project_file>
	<FileVersion major="1" minor="6" />
	<Project>
		<Option title="VkEngine" />
		<Option pch_mode="2" />
		<Option compiler="gcc" />
		<Build>
			<Target title="Debug">
				<Option output="bin/Debug/VkEngine" prefix_auto="1" extension_auto="1" />
				<Option object_output="obj/Debug/" />
				<Option type="1" />
				<Option compiler="gcc" />
				<Compiler>
					<Add option="-g" />
					<Add directory="src/render/util" />
					<Add directory="src/render" />
				</Compiler>
			</Target>
			<Target title="Release">
				<Option output="bin/Release/VkEngine" prefix_auto="1" extension_auto="1" />
				<Option object_output="obj/Release/" />
				<Option type="1" />
				<Option compiler="gcc" />
				<Compiler>
					<Add option="-O2" />
					<Add directory="src/render/util" />
					<Add directory="src/render" />
				</Compiler>
				<Linker>
					<Add option="-s" />
				</Linker>
			</Target>
		</Build>
		<Compiler>
			<Add option="-Wall" />
			<Add option="-fexceptions" />
			<Add directory="include" />
			<Add directory="SDK/x86_64/include/" />
		</Compiler>
		<Linker>
			<Add library="glfw" />
			<Add library="vulkan" />
			<Add directory="SDK/x86_64/lib" />
		</Linker>
		<Unit filename="src/main.cpp" />
		<Unit filename="src/render/util/vkutil.cpp" />
		<Unit filename="src/render/util/vkutil.h" />
		<Unit filename="src/render/util/vma_implementation.cpp" />
		<Unit filename="src/render/viewport.cpp" />
		<Unit filename="src/render/viewport.h" />
		<Unit filename="src/render/window.cpp" />
		<Unit filename="src/render/window.h" />
		<Extensions>
			<code_completion />
			<debugger />
		</Extensions>
	</Project>
</CodeBlocks_project_file>
