<?xml version="1.0" encoding="UTF-8" standalone="yes" ?>
<CodeBlocks_project_file>
	<FileVersion major="1" minor="6" />
	<Project>
		<Option title="VkEngine" />
		<Option makefile_is_custom="1" />
		<Option pch_mode="2" />
		<Option compiler="gcc" />
		<Build>
			<Target title="Debug">
				<Option output="bin/Debug/VkEngine" prefix_auto="1" extension_auto="1" />
				<Option object_output="obj/Debug/" />
				<Option type="1" />
				<Option compiler="gcc" />
				<Compiler>
					<Add option="-std=c++11" />
					<Add option="-g" />
					<Add option="-rdynamic" />
					<Add directory="src/render/util" />
					<Add directory="src/render" />
					<Add directory="src/resources" />
					<Add directory="src/animation" />
					<Add directory="src/util/debug" />
					<Add directory="src/structure" />
				</Compiler>
				<Linker>
					<Add option="-rdynamic" />
				</Linker>
			</Target>
			<Target title="Release">
				<Option output="bin/Release/VkEngine" prefix_auto="1" extension_auto="1" />
				<Option object_output="obj/Release/" />
				<Option type="1" />
				<Option compiler="gcc" />
				<Compiler>
					<Add option="-O2" />
					<Add directory="src/render/util" />
					<Add directory="src/render" />
					<Add directory="src/resources" />
					<Add directory="src/animation" />
					<Add directory="src/util/debug" />
					<Add directory="src/structure" />
				</Compiler>
				<Linker>
					<Add option="-s" />
				</Linker>
			</Target>
		</Build>
		<Compiler>
			<Add option="-Wall" />
			<Add option="-fexceptions" />
			<Add directory="include" />
			<Add directory="SDK/x86_64/include/" />
			<Add directory="src" />
		</Compiler>
		<Linker>
			<Add library="glfw" />
			<Add library="vulkan" />
			<Add library="ply" />
			<Add library="tga" />
			<Add library="pthread" />
			<Add library="configloader" />
			<Add library="stack" />
			<Add directory="SDK/x86_64/lib" />
			<Add directory="lib/linux_amd64" />
		</Linker>
		<Unit filename="resources/shaders/fragment.frag" />
		<Unit filename="resources/shaders/id.vert" />
		<Unit filename="resources/shaders/normals.frag" />
		<Unit filename="resources/shaders/pp.frag" />
		<Unit filename="resources/shaders/std.shader" />
		<Unit filename="resources/shaders/terrain.frag" />
		<Unit filename="resources/shaders/vertex.vert" />
		<Unit filename="src/animation/skeletalrig.cpp" />
		<Unit filename="src/animation/skeletalrig.h" />
		<Unit filename="src/inputs/inputhandler.cpp" />
		<Unit filename="src/inputs/inputhandler.h" />
		<Unit filename="src/inputs/playercontroler.cpp" />
		<Unit filename="src/inputs/playercontroler.h" />
		<Unit filename="src/main.cpp" />
		<Unit filename="src/render/camera.cpp" />
		<Unit filename="src/render/camera.h" />
		<Unit filename="src/render/dynamicbuffer.h" />
		<Unit filename="src/render/indexbuffer.h" />
		<Unit filename="src/render/material.cpp" />
		<Unit filename="src/render/material.h" />
		<Unit filename="src/render/memorytransferhandler.cpp" />
		<Unit filename="src/render/memorytransferhandler.h" />
		<Unit filename="src/render/model.cpp" />
		<Unit filename="src/render/model.h" />
		<Unit filename="src/render/renderelement.cpp" />
		<Unit filename="src/render/renderelement.h" />
		<Unit filename="src/render/shader.cpp" />
		<Unit filename="src/render/shader.h" />
		<Unit filename="src/render/storagebuffer.cpp" />
		<Unit filename="src/render/storagebuffer.h" />
		<Unit filename="src/render/texture.cpp" />
		<Unit filename="src/render/texture.h" />
		<Unit filename="src/render/util/vkutil.cpp" />
		<Unit filename="src/render/util/vkutil.h" />
		<Unit filename="src/render/util/vma_implementation.cpp" />
		<Unit filename="src/render/vertexbuffer.h" />
		<Unit filename="src/render/viewport.cpp" />
		<Unit filename="src/render/viewport.h" />
		<Unit filename="src/render/window.cpp" />
		<Unit filename="src/render/window.h" />
		<Unit filename="src/resources/resource.h" />
		<Unit filename="src/resources/resourceloader.h" />
		<Unit filename="src/resources/resourcemanager.cpp" />
		<Unit filename="src/resources/resourcemanager.h" />
		<Unit filename="src/resources/resourceregistry.h" />
		<Unit filename="src/resources/resourceuploader.h" />
		<Unit filename="src/structure/structure.cpp" />
		<Unit filename="src/structure/structure.h" />
		<Unit filename="src/util/debug/stacktrace.h" />
		<Unit filename="src/util/debug/trace_exception.cpp" />
		<Unit filename="src/util/debug/trace_exception.h" />
		<Unit filename="src/util/math/matrix.h" />
		<Unit filename="src/util/math/quaternion.h" />
		<Unit filename="src/util/math/vector.h" />
		<Unit filename="src/util/meshhelper.cpp" />
		<Unit filename="src/util/meshhelper.h" />
		<Unit filename="src/util/simplexnoise.cpp" />
		<Unit filename="src/util/simplexnoise.h" />
		<Extensions>
			<code_completion />
			<debugger />
		</Extensions>
	</Project>
</CodeBlocks_project_file>
