<?xml version="1.0" encoding="UTF-8" standalone="yes" ?>
<CodeBlocks_project_file>
	<FileVersion major="1" minor="6" />
	<Project>
		<Option title="VkEngine" />
		<Option makefile_is_custom="1" />
		<Option pch_mode="2" />
		<Option compiler="gcc" />
		<Build>
			<Target title="Debug">
				<Option output="bin/Debug/VkEngine" prefix_auto="1" extension_auto="1" />
				<Option object_output="obj/Debug/" />
				<Option type="1" />
				<Option compiler="gcc" />
				<Compiler>
					<Add option="-std=c++11" />
					<Add option="-g" />
					<Add option="-rdynamic" />
					<Add directory="src/render/util" />
					<Add directory="src/render" />
					<Add directory="src/resources" />
					<Add directory="src/animation" />
					<Add directory="src/util/debug" />
					<Add directory="src/structure" />
					<Add directory="src/util" />
					<Add directory="src/util/structure" />
					<Add directory="src/physics" />
					<Add directory="./" />
					<Add directory="src/world" />
				</Compiler>
				<Linker>
					<Add option="-rdynamic" />
				</Linker>
				<MakeCommands>
					<Build command="$make -f $makefile $target" />
					<CompileFile command="$make -f $makefile $file" />
					<Clean command="$make -f $makefile clean$target" />
					<DistClean command="$make -f $makefile distclean$target" />
					<AskRebuildNeeded command="$make -q -f $makefile $target" />
					<SilentBuild command="$make -f $makefile $target &gt; $(CMD_NULL)" />
				</MakeCommands>
			</Target>
			<Target title="Release">
				<Option output="bin/Release/VkEngine" prefix_auto="1" extension_auto="1" />
				<Option object_output="obj/Release/" />
				<Option type="1" />
				<Option compiler="gcc" />
				<Compiler>
					<Add option="-O2" />
					<Add directory="src/render/util" />
					<Add directory="src/render" />
					<Add directory="src/resources" />
					<Add directory="src/animation" />
					<Add directory="src/util/debug" />
					<Add directory="src/structure" />
					<Add directory="src/util" />
					<Add directory="src/util/structure" />
					<Add directory="src/physics" />
					<Add directory="./" />
					<Add directory="src/world" />
				</Compiler>
				<Linker>
					<Add option="-s" />
				</Linker>
			</Target>
		</Build>
		<Compiler>
			<Add option="-Wall" />
			<Add option="-fexceptions" />
			<Add directory="include" />
			<Add directory="SDK/x86_64/include/" />
			<Add directory="src" />
		</Compiler>
		<Linker>
			<Add library="glfw" />
			<Add library="vulkan" />
			<Add library="ply" />
			<Add library="tga" />
			<Add library="pthread" />
			<Add library="configloader" />
			<Add library="stack" />
			<Add directory="SDK/x86_64/lib" />
			<Add directory="lib/linux_amd64" />
		</Linker>
		<Unit filename="Makefile" />
		<Unit filename="resources/shaders/bump.shader" />
		<Unit filename="resources/shaders/cloud.shader" />
		<Unit filename="resources/shaders/fragment.frag" />
		<Unit filename="resources/shaders/glsl/bump_fragment.frag" />
		<Unit filename="resources/shaders/glsl/cloud_fragment.frag" />
		<Unit filename="resources/shaders/glsl/low_poly_fragment.frag" />
		<Unit filename="resources/shaders/glsl/low_poly_vertex.vert" />
		<Unit filename="resources/shaders/glsl/pbrMetallic.frag" />
		<Unit filename="resources/shaders/gltf_lowPoly.shader" />
		<Unit filename="resources/shaders/gltf_pbrMetallic.shader" />
		<Unit filename="resources/shaders/gltf_pbrMetallicAnim.shader" />
		<Unit filename="resources/shaders/id.vert" />
		<Unit filename="resources/shaders/normals.frag" />
		<Unit filename="resources/shaders/pp.frag" />
		<Unit filename="resources/shaders/std.shader" />
		<Unit filename="resources/shaders/terrain.frag" />
		<Unit filename="resources/shaders/vertex.vert" />
		<Unit filename="resources/shaders/vertexAnim.vert" />
		<Unit filename="resources/structure/test.strc" />
		<Unit filename="src/animation/animation.cpp" />
		<Unit filename="src/animation/animation.h" />
		<Unit filename="src/animation/skeletalrig.cpp" />
		<Unit filename="src/animation/skeletalrig.h" />
		<Unit filename="src/inputs/inputhandler.cpp" />
		<Unit filename="src/inputs/inputhandler.h" />
		<Unit filename="src/inputs/playercontroler.cpp" />
		<Unit filename="src/inputs/playercontroler.h" />
		<Unit filename="src/main.cpp" />
		<Unit filename="src/physics/physicscontext.cpp" />
		<Unit filename="src/physics/physicscontext.h" />
		<Unit filename="src/physics/physicsobject.cpp" />
		<Unit filename="src/physics/physicsobject.h" />
		<Unit filename="src/render/camera.cpp" />
		<Unit filename="src/render/camera.h" />
		<Unit filename="src/render/dynamicbuffer.h" />
		<Unit filename="src/render/indexbuffer.h" />
		<Unit filename="src/render/material.cpp" />
		<Unit filename="src/render/material.h" />
		<Unit filename="src/render/memorytransferhandler.cpp" />
		<Unit filename="src/render/memorytransferhandler.h" />
		<Unit filename="src/render/model.cpp" />
		<Unit filename="src/render/model.h" />
		<Unit filename="src/render/renderelement.cpp" />
		<Unit filename="src/render/renderelement.h" />
		<Unit filename="src/render/renderelementanim.cpp" />
		<Unit filename="src/render/renderelementanim.h" />
		<Unit filename="src/render/shader.cpp" />
		<Unit filename="src/render/shader.h" />
		<Unit filename="src/render/storagebuffer.cpp" />
		<Unit filename="src/render/storagebuffer.h" />
		<Unit filename="src/render/texture.cpp" />
		<Unit filename="src/render/texture.h" />
		<Unit filename="src/render/util/vk_trace_exception.cpp" />
		<Unit filename="src/render/util/vk_trace_exception.h" />
		<Unit filename="src/render/util/vkutil.cpp" />
		<Unit filename="src/render/util/vkutil.h" />
		<Unit filename="src/render/util/vma_implementation.cpp" />
		<Unit filename="src/render/vertexbuffer.h" />
		<Unit filename="src/render/viewport.cpp" />
		<Unit filename="src/render/viewport.h" />
		<Unit filename="src/render/window.cpp" />
		<Unit filename="src/render/window.h" />
		<Unit filename="src/resources/resource.h" />
		<Unit filename="src/resources/resourceloader.h" />
		<Unit filename="src/resources/resourcemanager.cpp" />
		<Unit filename="src/resources/resourcemanager.h" />
		<Unit filename="src/resources/resourceregistry.h" />
		<Unit filename="src/resources/resourceuploader.h" />
		<Unit filename="src/structure/gltf.cpp" />
		<Unit filename="src/structure/gltf.h" />
		<Unit filename="src/structure/level.cpp" />
		<Unit filename="src/structure/level.h" />
		<Unit filename="src/structure/structure.cpp" />
		<Unit filename="src/structure/structure.h" />
		<Unit filename="src/util/debug/logger.h" />
		<Unit filename="src/util/debug/stacktrace.h" />
		<Unit filename="src/util/debug/trace_exception.cpp" />
		<Unit filename="src/util/debug/trace_exception.h" />
		<Unit filename="src/util/image/png.c">
			<Option compilerVar="CC" />
		</Unit>
		<Unit filename="src/util/image/png.h" />
		<Unit filename="src/util/mesh.cpp" />
		<Unit filename="src/util/mesh.h" />
		<Unit filename="src/util/mesh/marchingcubes.cpp" />
		<Unit filename="src/util/mesh/marchingcubes.h" />
		<Unit filename="src/util/meshhelper.cpp" />
		<Unit filename="src/util/meshhelper.h" />
		<Unit filename="src/util/simplexnoise.cpp" />
		<Unit filename="src/util/simplexnoise.h" />
		<Unit filename="src/world/entity.cpp" />
		<Unit filename="src/world/entity.h" />
		<Unit filename="src/world/world.cpp" />
		<Unit filename="src/world/world.h" />
		<Extensions>
			<code_completion />
			<debugger />
		</Extensions>
	</Project>
</CodeBlocks_project_file>
